# THIS IS AN AUTOGENERATED FILE. DO NOT EDIT THIS FILE DIRECTLY.
# yarn lockfile v1


"@rollup/plugin-node-resolve@^13.0.5":
  version "13.0.5"
  resolved "https://r.cnpmjs.org/@rollup/plugin-node-resolve/download/@rollup/plugin-node-resolve-13.0.5.tgz#016abe58796a4ff544d6beac7818921e3d3777fc"
  integrity sha1-AWq+WHlqT/VE1r6seBiSHj03d/w=
  dependencies:
    "@rollup/pluginutils" "^3.1.0"
    "@types/resolve" "1.17.1"
    builtin-modules "^3.1.0"
    deepmerge "^4.2.2"
    is-module "^1.0.0"
    resolve "^1.19.0"

"@rollup/pluginutils@^3.1.0":
  version "3.1.0"
  resolved "https://r.cnpmjs.org/@rollup/pluginutils/download/@rollup/pluginutils-3.1.0.tgz#706b4524ee6dc8b103b3c995533e5ad680c02b9b"
  integrity sha1-cGtFJO5tyLEDs8mVUz5a1oDAK5s=
  dependencies:
    "@types/estree" "0.0.39"
    estree-walker "^1.0.1"
    picomatch "^2.2.2"

"@types/estree@0.0.39":
  version "0.0.39"
  resolved "https://r.cnpmjs.org/@types/estree/download/@types/estree-0.0.39.tgz#e177e699ee1b8c22d23174caaa7422644389509f"
  integrity sha1-4Xfmme4bjCLSMXTKqnQiZEOJUJ8=

"@types/node@*":
  version "16.9.6"
  resolved "https://r.cnpmjs.org/@types/node/download/@types/node-16.9.6.tgz#040a64d7faf9e5d9e940357125f0963012e66f04"
  integrity sha1-BApk1/r55dnpQDVxJfCWMBLmbwQ=

"@types/resolve@1.17.1":
  version "1.17.1"
  resolved "https://r.cnpmjs.org/@types/resolve/download/@types/resolve-1.17.1.tgz#3afd6ad8967c77e4376c598a82ddd58f46ec45d6"
  integrity sha1-Ov1q2JZ8d+Q3bFmKgt3Vj0bsRdY=
  dependencies:
    "@types/node" "*"

builtin-modules@^3.1.0:
  version "3.2.0"
  resolved "https://r.cnpmjs.org/builtin-modules/download/builtin-modules-3.2.0.tgz#45d5db99e7ee5e6bc4f362e008bf917ab5049887"
  integrity sha1-RdXbmefuXmvE82LgCL+RerUEmIc=

deepmerge@^4.2.2:
  version "4.2.2"
  resolved "https://r.cnpmjs.org/deepmerge/download/deepmerge-4.2.2.tgz#44d2ea3679b8f4d4ffba33f03d865fc1e7bf4955"
  integrity sha1-RNLqNnm49NT/ujPwPYZfwee/SVU=

estree-walker@^1.0.1:
  version "1.0.1"
  resolved "https://r.cnpmjs.org/estree-walker/download/estree-walker-1.0.1.tgz#31bc5d612c96b704106b477e6dd5d8aa138cb700"
  integrity sha1-MbxdYSyWtwQQa0d+bdXYqhOMtwA=

function-bind@^1.1.1:
  version "1.1.1"
  resolved "https://r.cnpmjs.org/function-bind/download/function-bind-1.1.1.tgz#a56899d3ea3c9bab874bb9773b7c5ede92f4895d"
  integrity sha1-pWiZ0+o8m6uHS7l3O3xe3pL0iV0=

has@^1.0.3:
  version "1.0.3"
  resolved "https://r.cnpmjs.org/has/download/has-1.0.3.tgz#722d7cbfc1f6aa8241f16dd814e011e1f41e8796"
  integrity sha1-ci18v8H2qoJB8W3YFOAR4fQeh5Y=
  dependencies:
    function-bind "^1.1.1"

is-core-module@^2.2.0:
  version "2.6.0"
  resolved "https://r.cnpmjs.org/is-core-module/download/is-core-module-2.6.0.tgz#d7553b2526fe59b92ba3e40c8df757ec8a709e19"
  integrity sha1-11U7JSb+Wbkro+QMjfdX7Ipwnhk=
  dependencies:
    has "^1.0.3"

is-module@^1.0.0:
  version "1.0.0"
  resolved "https://r.cnpmjs.org/is-module/download/is-module-1.0.0.tgz#3258fb69f78c14d5b815d664336b4cffb6441591"
  integrity sha1-Mlj7afeMFNW4FdZkM2tM/7ZEFZE=

path-parse@^1.0.6:
  version "1.0.7"
  resolved "https://r.cnpmjs.org/path-parse/download/path-parse-1.0.7.tgz#fbc114b60ca42b30d9daf5858e4bd68bbedb6735"
  integrity sha1-+8EUtgykKzDZ2vWFjkvWi77bZzU=

picomatch@^2.2.2:
  version "2.3.0"
  resolved "https://r.cnpmjs.org/picomatch/download/picomatch-2.3.0.tgz#f1f061de8f6a4bf022892e2d128234fb98302972"
  integrity sha1-8fBh3o9qS/AiiS4tEoI0+5gwKXI=

resolve@^1.19.0:
  version "1.20.0"
  resolved "https://r.cnpmjs.org/resolve/download/resolve-1.20.0.tgz#629a013fb3f70755d6f0b7935cc1c2c5378b1975"
  integrity sha1-YpoBP7P3B1XW8LeTXMHCxTeLGXU=
  dependencies:
    is-core-module "^2.2.0"
    path-parse "^1.0.6"
